
Microsoft Visual Studio Solution File, Format Version 12.00
# Visual Studio Version 17
VisualStudioVersion = 17.0.31903.59
MinimumVisualStudioVersion = 10.0.40219.1
Project("{2150E333-8FDC-42A3-9474-1A3956D46DE8}") = "apps", "apps", "{C1949B97-FFA2-4431-8242-6D9875FADA6C}"
EndProject
Project("{FAE04EC0-301F-11D3-BF4B-00C04F79EFBC}") = "Loca.API", "apps\api\Loca.API.csproj", "{FA767D70-0290-4063-89C3-0B1C0CB0B555}"
EndProject
Project("{2150E333-8FDC-42A3-9474-1A3956D46DE8}") = "packages", "packages", "{CD31AC07-C5ED-4D51-BC50-2127DDAE78B9}"
EndProject
Project("{FAE04EC0-301F-11D3-BF4B-00C04F79EFBC}") = "Loca.Domain", "packages\domain\Loca.Domain.csproj", "{C129CF0C-E0D2-4EF0-B899-800C40940456}"
EndProject
Project("{FAE04EC0-301F-11D3-BF4B-00C04F79EFBC}") = "Loca.Application", "packages\application\Loca.Application.csproj", "{79FB6D8E-9D18-48B9-B029-6DED8D15C77B}"
EndProject
Project("{FAE04EC0-301F-11D3-BF4B-00C04F79EFBC}") = "Loca.Infrastructure", "packages\infrastructure\Loca.Infrastructure.csproj", "{50C2D288-CAFC-42BA-9BCE-4CCC17654F15}"
EndProject
Project("{2150E333-8FDC-42A3-9474-1A3956D46DE8}") = "services", "services", "{18D93BCD-378E-4227-B3E1-FFE47F3A034F}"
EndProject
Project("{FAE04EC0-301F-11D3-BF4B-00C04F79EFBC}") = "Loca.Services.Identity", "services\identity\Loca.Services.Identity.csproj", "{45E9FAF8-F2F3-4F7B-AE1F-7A9ED370762F}"
EndProject
Project("{FAE04EC0-301F-11D3-BF4B-00C04F79EFBC}") = "Loca.Services.Venue", "services\venue\Loca.Services.Venue.csproj", "{3B81AC60-7D2C-498E-BD2A-D7D4D6E8E6F3}"
EndProject
Project("{FAE04EC0-301F-11D3-BF4B-00C04F79EFBC}") = "Loca.Services.Social", "services\social\Loca.Services.Social.csproj", "{C4F72570-4037-4BF0-966D-5222E98FE68F}"
EndProject
Project("{FAE04EC0-301F-11D3-BF4B-00C04F79EFBC}") = "Loca.Services.Game", "services\game\Loca.Services.Game.csproj", "{72203A4A-9A5F-465D-B48F-1A3C1F63D927}"
EndProject
Project("{FAE04EC0-301F-11D3-BF4B-00C04F79EFBC}") = "Loca.Services.Economy", "services\economy\Loca.Services.Economy.csproj", "{BC1170BB-418B-47CC-94EA-1BC2EDCA5D03}"
EndProject
Project("{FAE04EC0-301F-11D3-BF4B-00C04F79EFBC}") = "Loca.Services.Notification", "services\notification\Loca.Services.Notification.csproj", "{18716676-90B6-460C-B637-CB7382728EC1}"
EndProject
Project("{2150E333-8FDC-42A3-9474-1A3956D46DE8}") = "tests", "tests", "{398DD431-9570-4756-976C-7FE6C9354495}"
EndProject
Project("{FAE04EC0-301F-11D3-BF4B-00C04F79EFBC}") = "Loca.Tests.Unit", "tests\unit\Loca.Tests.Unit.csproj", "{D15BF3CE-D93E-423C-AA5C-2A7FCE143223}"
EndProject
Project("{FAE04EC0-301F-11D3-BF4B-00C04F79EFBC}") = "Loca.Tests.Integration", "tests\integration\Loca.Tests.Integration.csproj", "{1C1D4D4B-C189-4579-8E68-F4C6DF11858D}"
EndProject
Global
	GlobalSection(SolutionConfigurationPlatforms) = preSolution
		Debug|Any CPU = Debug|Any CPU
		Release|Any CPU = Release|Any CPU
	EndGlobalSection
	GlobalSection(SolutionProperties) = preSolution
		HideSolutionNode = FALSE
	EndGlobalSection
	GlobalSection(ProjectConfigurationPlatforms) = postSolution
		{FA767D70-0290-4063-89C3-0B1C0CB0B555}.Debug|Any CPU.ActiveCfg = Debug|Any CPU
		{FA767D70-0290-4063-89C3-0B1C0CB0B555}.Debug|Any CPU.Build.0 = Debug|Any CPU
		{FA767D70-0290-4063-89C3-0B1C0CB0B555}.Release|Any CPU.ActiveCfg = Release|Any CPU
		{FA767D70-0290-4063-89C3-0B1C0CB0B555}.Release|Any CPU.Build.0 = Release|Any CPU
		{C129CF0C-E0D2-4EF0-B899-800C40940456}.Debug|Any CPU.ActiveCfg = Debug|Any CPU
		{C129CF0C-E0D2-4EF0-B899-800C40940456}.Debug|Any CPU.Build.0 = Debug|Any CPU
		{C129CF0C-E0D2-4EF0-B899-800C40940456}.Release|Any CPU.ActiveCfg = Release|Any CPU
		{C129CF0C-E0D2-4EF0-B899-800C40940456}.Release|Any CPU.Build.0 = Release|Any CPU
		{79FB6D8E-9D18-48B9-B029-6DED8D15C77B}.Debug|Any CPU.ActiveCfg = Debug|Any CPU
		{79FB6D8E-9D18-48B9-B029-6DED8D15C77B}.Debug|Any CPU.Build.0 = Debug|Any CPU
		{79FB6D8E-9D18-48B9-B029-6DED8D15C77B}.Release|Any CPU.ActiveCfg = Release|Any CPU
		{79FB6D8E-9D18-48B9-B029-6DED8D15C77B}.Release|Any CPU.Build.0 = Release|Any CPU
		{50C2D288-CAFC-42BA-9BCE-4CCC17654F15}.Debug|Any CPU.ActiveCfg = Debug|Any CPU
		{50C2D288-CAFC-42BA-9BCE-4CCC17654F15}.Debug|Any CPU.Build.0 = Debug|Any CPU
		{50C2D288-CAFC-42BA-9BCE-4CCC17654F15}.Release|Any CPU.ActiveCfg = Release|Any CPU
		{50C2D288-CAFC-42BA-9BCE-4CCC17654F15}.Release|Any CPU.Build.0 = Release|Any CPU
		{45E9FAF8-F2F3-4F7B-AE1F-7A9ED370762F}.Debug|Any CPU.ActiveCfg = Debug|Any CPU
		{45E9FAF8-F2F3-4F7B-AE1F-7A9ED370762F}.Debug|Any CPU.Build.0 = Debug|Any CPU
		{45E9FAF8-F2F3-4F7B-AE1F-7A9ED370762F}.Release|Any CPU.ActiveCfg = Release|Any CPU
		{45E9FAF8-F2F3-4F7B-AE1F-7A9ED370762F}.Release|Any CPU.Build.0 = Release|Any CPU
		{3B81AC60-7D2C-498E-BD2A-D7D4D6E8E6F3}.Debug|Any CPU.ActiveCfg = Debug|Any CPU
		{3B81AC60-7D2C-498E-BD2A-D7D4D6E8E6F3}.Debug|Any CPU.Build.0 = Debug|Any CPU
		{3B81AC60-7D2C-498E-BD2A-D7D4D6E8E6F3}.Release|Any CPU.ActiveCfg = Release|Any CPU
		{3B81AC60-7D2C-498E-BD2A-D7D4D6E8E6F3}.Release|Any CPU.Build.0 = Release|Any CPU
		{C4F72570-4037-4BF0-966D-5222E98FE68F}.Debug|Any CPU.ActiveCfg = Debug|Any CPU
		{C4F72570-4037-4BF0-966D-5222E98FE68F}.Debug|Any CPU.Build.0 = Debug|Any CPU
		{C4F72570-4037-4BF0-966D-5222E98FE68F}.Release|Any CPU.ActiveCfg = Release|Any CPU
		{C4F72570-4037-4BF0-966D-5222E98FE68F}.Release|Any CPU.Build.0 = Release|Any CPU
		{72203A4A-9A5F-465D-B48F-1A3C1F63D927}.Debug|Any CPU.ActiveCfg = Debug|Any CPU
		{72203A4A-9A5F-465D-B48F-1A3C1F63D927}.Debug|Any CPU.Build.0 = Debug|Any CPU
		{72203A4A-9A5F-465D-B48F-1A3C1F63D927}.Release|Any CPU.ActiveCfg = Release|Any CPU
		{72203A4A-9A5F-465D-B48F-1A3C1F63D927}.Release|Any CPU.Build.0 = Release|Any CPU
		{BC1170BB-418B-47CC-94EA-1BC2EDCA5D03}.Debug|Any CPU.ActiveCfg = Debug|Any CPU
		{BC1170BB-418B-47CC-94EA-1BC2EDCA5D03}.Debug|Any CPU.Build.0 = Debug|Any CPU
		{BC1170BB-418B-47CC-94EA-1BC2EDCA5D03}.Release|Any CPU.ActiveCfg = Release|Any CPU
		{BC1170BB-418B-47CC-94EA-1BC2EDCA5D03}.Release|Any CPU.Build.0 = Release|Any CPU
		{18716676-90B6-460C-B637-CB7382728EC1}.Debug|Any CPU.ActiveCfg = Debug|Any CPU
		{18716676-90B6-460C-B637-CB7382728EC1}.Debug|Any CPU.Build.0 = Debug|Any CPU
		{18716676-90B6-460C-B637-CB7382728EC1}.Release|Any CPU.ActiveCfg = Release|Any CPU
		{18716676-90B6-460C-B637-CB7382728EC1}.Release|Any CPU.Build.0 = Release|Any CPU
		{D15BF3CE-D93E-423C-AA5C-2A7FCE143223}.Debug|Any CPU.ActiveCfg = Debug|Any CPU
		{D15BF3CE-D93E-423C-AA5C-2A7FCE143223}.Debug|Any CPU.Build.0 = Debug|Any CPU
		{D15BF3CE-D93E-423C-AA5C-2A7FCE143223}.Release|Any CPU.ActiveCfg = Release|Any CPU
		{D15BF3CE-D93E-423C-AA5C-2A7FCE143223}.Release|Any CPU.Build.0 = Release|Any CPU
		{1C1D4D4B-C189-4579-8E68-F4C6DF11858D}.Debug|Any CPU.ActiveCfg = Debug|Any CPU
		{1C1D4D4B-C189-4579-8E68-F4C6DF11858D}.Debug|Any CPU.Build.0 = Debug|Any CPU
		{1C1D4D4B-C189-4579-8E68-F4C6DF11858D}.Release|Any CPU.ActiveCfg = Release|Any CPU
		{1C1D4D4B-C189-4579-8E68-F4C6DF11858D}.Release|Any CPU.Build.0 = Release|Any CPU
	EndGlobalSection
	GlobalSection(NestedProjects) = preSolution
		{FA767D70-0290-4063-89C3-0B1C0CB0B555} = {C1949B97-FFA2-4431-8242-6D9875FADA6C}
		{C129CF0C-E0D2-4EF0-B899-800C40940456} = {CD31AC07-C5ED-4D51-BC50-2127DDAE78B9}
		{79FB6D8E-9D18-48B9-B029-6DED8D15C77B} = {CD31AC07-C5ED-4D51-BC50-2127DDAE78B9}
		{50C2D288-CAFC-42BA-9BCE-4CCC17654F15} = {CD31AC07-C5ED-4D51-BC50-2127DDAE78B9}
		{45E9FAF8-F2F3-4F7B-AE1F-7A9ED370762F} = {18D93BCD-378E-4227-B3E1-FFE47F3A034F}
		{3B81AC60-7D2C-498E-BD2A-D7D4D6E8E6F3} = {18D93BCD-378E-4227-B3E1-FFE47F3A034F}
		{C4F72570-4037-4BF0-966D-5222E98FE68F} = {18D93BCD-378E-4227-B3E1-FFE47F3A034F}
		{72203A4A-9A5F-465D-B48F-1A3C1F63D927} = {18D93BCD-378E-4227-B3E1-FFE47F3A034F}
		{BC1170BB-418B-47CC-94EA-1BC2EDCA5D03} = {18D93BCD-378E-4227-B3E1-FFE47F3A034F}
		{18716676-90B6-460C-B637-CB7382728EC1} = {18D93BCD-378E-4227-B3E1-FFE47F3A034F}
		{D15BF3CE-D93E-423C-AA5C-2A7FCE143223} = {398DD431-9570-4756-976C-7FE6C9354495}
		{1C1D4D4B-C189-4579-8E68-F4C6DF11858D} = {398DD431-9570-4756-976C-7FE6C9354495}
	EndGlobalSection
EndGlobal
